// !$*UTF8*$!
{
	archiveVersion = 1;
	classes = {
	};
	objectVersion = 55;
	objects = {

/* Begin PBXBuildFile section */
		99D0F1B781A06F4345993F2F /* Pods_Whatsapp_Clone.framework in Frameworks */ = {isa = PBXBuildFile; fileRef = AD2C7A6278D43759D636E8F6 /* Pods_Whatsapp_Clone.framework */; };
		D91A9C4F27E0A588009189B5 /* InputAccessoryView.xib in Resources */ = {isa = PBXBuildFile; fileRef = D91A9C4E27E0A587009189B5 /* InputAccessoryView.xib */; };
		D91A9C5127E0A9C1009189B5 /* InputAccessoryView.swift in Sources */ = {isa = PBXBuildFile; fileRef = D91A9C5027E0A9C1009189B5 /* InputAccessoryView.swift */; };
		D991EA2427EDA1D800CAE8CB /* UITableView.swift in Sources */ = {isa = PBXBuildFile; fileRef = D991EA2327EDA1D800CAE8CB /* UITableView.swift */; };
		D9A0951827F1A3FE00075D1A /* ChatMessageTableView.swift in Sources */ = {isa = PBXBuildFile; fileRef = D9A0951727F1A3FE00075D1A /* ChatMessageTableView.swift */; };
		D9A8743027DB200300D95B90 /* ChatMessages.json in Resources */ = {isa = PBXBuildFile; fileRef = D9A8742F27DB200300D95B90 /* ChatMessages.json */; };
		D9A8743827DB522E00D95B90 /* ChatDefaults.swift in Sources */ = {isa = PBXBuildFile; fileRef = D9A8743727DB522E00D95B90 /* ChatDefaults.swift */; };
		D9AE961F27C66B2500451F98 /* AppDelegate.swift in Sources */ = {isa = PBXBuildFile; fileRef = D9AE961E27C66B2500451F98 /* AppDelegate.swift */; };
		D9AE962127C66B2500451F98 /* SceneDelegate.swift in Sources */ = {isa = PBXBuildFile; fileRef = D9AE962027C66B2500451F98 /* SceneDelegate.swift */; };
		D9AE962627C66B2500451F98 /* Main.storyboard in Resources */ = {isa = PBXBuildFile; fileRef = D9AE962427C66B2500451F98 /* Main.storyboard */; };
		D9AE962827C66B2900451F98 /* Assets.xcassets in Resources */ = {isa = PBXBuildFile; fileRef = D9AE962727C66B2900451F98 /* Assets.xcassets */; };
		D9AE962B27C66B2900451F98 /* LaunchScreen.storyboard in Resources */ = {isa = PBXBuildFile; fileRef = D9AE962927C66B2900451F98 /* LaunchScreen.storyboard */; };
		D9AE963527C68D4300451F98 /* ChatListingViewController.swift in Sources */ = {isa = PBXBuildFile; fileRef = D9AE963427C68D4300451F98 /* ChatListingViewController.swift */; };
		D9AE963A27C78C1400451F98 /* ChatListingStructure.swift in Sources */ = {isa = PBXBuildFile; fileRef = D9AE963927C78C1400451F98 /* ChatListingStructure.swift */; };
		D9AE963C27C790BB00451F98 /* API.swift in Sources */ = {isa = PBXBuildFile; fileRef = D9AE963B27C790BB00451F98 /* API.swift */; };
		D9AE963E27C793DC00451F98 /* DataManager.swift in Sources */ = {isa = PBXBuildFile; fileRef = D9AE963D27C793DC00451F98 /* DataManager.swift */; };
		D9AE964227C79E2300451F98 /* DefaultCell.swift in Sources */ = {isa = PBXBuildFile; fileRef = D9AE964127C79E2300451F98 /* DefaultCell.swift */; };
		D9AE964627C8D96E00451F98 /* ChatMessageViewController.swift in Sources */ = {isa = PBXBuildFile; fileRef = D9AE964527C8D96E00451F98 /* ChatMessageViewController.swift */; };
		D9AE964A27CCB29700451F98 /* SettingsViewController.swift in Sources */ = {isa = PBXBuildFile; fileRef = D9AE964927CCB29700451F98 /* SettingsViewController.swift */; };
		D9AE964F27CDE26700451F98 /* UIView.swift in Sources */ = {isa = PBXBuildFile; fileRef = D9AE964E27CDE26700451F98 /* UIView.swift */; };
		D9AE965127CE072700451F98 /* SearchBarTableViewCell.swift in Sources */ = {isa = PBXBuildFile; fileRef = D9AE965027CE072600451F98 /* SearchBarTableViewCell.swift */; };
		D9AE965327CF616A00451F98 /* ChatPerson.json in Resources */ = {isa = PBXBuildFile; fileRef = D9AE965227CF616A00451F98 /* ChatPerson.json */; };
		D9AE965C27D8993C00451F98 /* MessageStructure.swift in Sources */ = {isa = PBXBuildFile; fileRef = D9AE965B27D8993C00451F98 /* MessageStructure.swift */; };
		D9AE966127D9CD9900451F98 /* MessageSendTableViewCell.swift in Sources */ = {isa = PBXBuildFile; fileRef = D9AE966027D9CD9900451F98 /* MessageSendTableViewCell.swift */; };
		D9AE966327D9CDBE00451F98 /* MessageRecieveTableViewCell.swift in Sources */ = {isa = PBXBuildFile; fileRef = D9AE966227D9CDBE00451F98 /* MessageRecieveTableViewCell.swift */; };
/* End PBXBuildFile section */

/* Begin PBXFileReference section */
		49F8401BACFEF7FCC7721B84 /* Pods-Whatsapp Clone.debug.xcconfig */ = {isa = PBXFileReference; includeInIndex = 1; lastKnownFileType = text.xcconfig; name = "Pods-Whatsapp Clone.debug.xcconfig"; path = "Target Support Files/Pods-Whatsapp Clone/Pods-Whatsapp Clone.debug.xcconfig"; sourceTree = "<group>"; };
		AD2C7A6278D43759D636E8F6 /* Pods_Whatsapp_Clone.framework */ = {isa = PBXFileReference; explicitFileType = wrapper.framework; includeInIndex = 0; path = Pods_Whatsapp_Clone.framework; sourceTree = BUILT_PRODUCTS_DIR; };
		D91A9C4E27E0A587009189B5 /* InputAccessoryView.xib */ = {isa = PBXFileReference; lastKnownFileType = file.xib; path = InputAccessoryView.xib; sourceTree = "<group>"; };
		D91A9C5027E0A9C1009189B5 /* InputAccessoryView.swift */ = {isa = PBXFileReference; lastKnownFileType = sourcecode.swift; path = InputAccessoryView.swift; sourceTree = "<group>"; };
		D991EA2327EDA1D800CAE8CB /* UITableView.swift */ = {isa = PBXFileReference; lastKnownFileType = sourcecode.swift; path = UITableView.swift; sourceTree = "<group>"; };
		D9A0951727F1A3FE00075D1A /* ChatMessageTableView.swift */ = {isa = PBXFileReference; lastKnownFileType = sourcecode.swift; path = ChatMessageTableView.swift; sourceTree = "<group>"; };
		D9A8742F27DB200300D95B90 /* ChatMessages.json */ = {isa = PBXFileReference; lastKnownFileType = text.json; path = ChatMessages.json; sourceTree = "<group>"; };
		D9A8743727DB522E00D95B90 /* ChatDefaults.swift */ = {isa = PBXFileReference; lastKnownFileType = sourcecode.swift; path = ChatDefaults.swift; sourceTree = "<group>"; };
		D9AE961B27C66B2500451F98 /* Whatsapp Clone.app */ = {isa = PBXFileReference; explicitFileType = wrapper.application; includeInIndex = 0; path = "Whatsapp Clone.app"; sourceTree = BUILT_PRODUCTS_DIR; };
		D9AE961E27C66B2500451F98 /* AppDelegate.swift */ = {isa = PBXFileReference; lastKnownFileType = sourcecode.swift; path = AppDelegate.swift; sourceTree = "<group>"; };
		D9AE962027C66B2500451F98 /* SceneDelegate.swift */ = {isa = PBXFileReference; lastKnownFileType = sourcecode.swift; path = SceneDelegate.swift; sourceTree = "<group>"; };
		D9AE962527C66B2500451F98 /* Base */ = {isa = PBXFileReference; lastKnownFileType = file.storyboard; name = Base; path = Base.lproj/Main.storyboard; sourceTree = "<group>"; };
		D9AE962727C66B2900451F98 /* Assets.xcassets */ = {isa = PBXFileReference; lastKnownFileType = folder.assetcatalog; path = Assets.xcassets; sourceTree = "<group>"; };
		D9AE962A27C66B2900451F98 /* Base */ = {isa = PBXFileReference; lastKnownFileType = file.storyboard; name = Base; path = Base.lproj/LaunchScreen.storyboard; sourceTree = "<group>"; };
		D9AE962C27C66B2900451F98 /* Info.plist */ = {isa = PBXFileReference; lastKnownFileType = text.plist.xml; path = Info.plist; sourceTree = "<group>"; };
		D9AE963427C68D4300451F98 /* ChatListingViewController.swift */ = {isa = PBXFileReference; lastKnownFileType = sourcecode.swift; path = ChatListingViewController.swift; sourceTree = "<group>"; };
		D9AE963927C78C1400451F98 /* ChatListingStructure.swift */ = {isa = PBXFileReference; lastKnownFileType = sourcecode.swift; path = ChatListingStructure.swift; sourceTree = "<group>"; };
		D9AE963B27C790BB00451F98 /* API.swift */ = {isa = PBXFileReference; lastKnownFileType = sourcecode.swift; path = API.swift; sourceTree = "<group>"; };
		D9AE963D27C793DC00451F98 /* DataManager.swift */ = {isa = PBXFileReference; lastKnownFileType = sourcecode.swift; path = DataManager.swift; sourceTree = "<group>"; };
		D9AE964127C79E2300451F98 /* DefaultCell.swift */ = {isa = PBXFileReference; lastKnownFileType = sourcecode.swift; path = DefaultCell.swift; sourceTree = "<group>"; };
		D9AE964527C8D96E00451F98 /* ChatMessageViewController.swift */ = {isa = PBXFileReference; lastKnownFileType = sourcecode.swift; path = ChatMessageViewController.swift; sourceTree = "<group>"; };
		D9AE964927CCB29700451F98 /* SettingsViewController.swift */ = {isa = PBXFileReference; lastKnownFileType = sourcecode.swift; path = SettingsViewController.swift; sourceTree = "<group>"; };
		D9AE964E27CDE26700451F98 /* UIView.swift */ = {isa = PBXFileReference; lastKnownFileType = sourcecode.swift; path = UIView.swift; sourceTree = "<group>"; };
		D9AE965027CE072600451F98 /* SearchBarTableViewCell.swift */ = {isa = PBXFileReference; lastKnownFileType = sourcecode.swift; path = SearchBarTableViewCell.swift; sourceTree = "<group>"; };
		D9AE965227CF616A00451F98 /* ChatPerson.json */ = {isa = PBXFileReference; lastKnownFileType = text.json; path = ChatPerson.json; sourceTree = "<group>"; };
		D9AE965B27D8993C00451F98 /* MessageStructure.swift */ = {isa = PBXFileReference; lastKnownFileType = sourcecode.swift; path = MessageStructure.swift; sourceTree = "<group>"; };
		D9AE966027D9CD9900451F98 /* MessageSendTableViewCell.swift */ = {isa = PBXFileReference; lastKnownFileType = sourcecode.swift; path = MessageSendTableViewCell.swift; sourceTree = "<group>"; };
		D9AE966227D9CDBE00451F98 /* MessageRecieveTableViewCell.swift */ = {isa = PBXFileReference; lastKnownFileType = sourcecode.swift; path = MessageRecieveTableViewCell.swift; sourceTree = "<group>"; };
		DD36308C04983F0B2A55A0D7 /* Pods-Whatsapp Clone.release.xcconfig */ = {isa = PBXFileReference; includeInIndex = 1; lastKnownFileType = text.xcconfig; name = "Pods-Whatsapp Clone.release.xcconfig"; path = "Target Support Files/Pods-Whatsapp Clone/Pods-Whatsapp Clone.release.xcconfig"; sourceTree = "<group>"; };
/* End PBXFileReference section */

/* Begin PBXFrameworksBuildPhase section */
		D9AE961827C66B2500451F98 /* Frameworks */ = {
			isa = PBXFrameworksBuildPhase;
			buildActionMask = 2147483647;
			files = (
				99D0F1B781A06F4345993F2F /* Pods_Whatsapp_Clone.framework in Frameworks */,
			);
			runOnlyForDeploymentPostprocessing = 0;
		};
/* End PBXFrameworksBuildPhase section */

/* Begin PBXGroup section */
		3DD4ADC5AE00E00CE7D60912 /* Frameworks */ = {
			isa = PBXGroup;
			children = (
				AD2C7A6278D43759D636E8F6 /* Pods_Whatsapp_Clone.framework */,
			);
			name = Frameworks;
			sourceTree = "<group>";
		};
		966812CA919CEFB608DECB32 /* Pods */ = {
			isa = PBXGroup;
			children = (
				49F8401BACFEF7FCC7721B84 /* Pods-Whatsapp Clone.debug.xcconfig */,
				DD36308C04983F0B2A55A0D7 /* Pods-Whatsapp Clone.release.xcconfig */,
			);
			path = Pods;
			sourceTree = "<group>";
		};
		D9A8743127DB3CFE00D95B90 /* ChatMessage */ = {
			isa = PBXGroup;
			children = (
				D9A8743427DB3E4D00D95B90 /* Controller */,
				D9A8743327DB3E4400D95B90 /* View */,
				D9A8743227DB3E3900D95B90 /* Model */,
			);
			path = ChatMessage;
			sourceTree = "<group>";
		};
		D9A8743227DB3E3900D95B90 /* Model */ = {
			isa = PBXGroup;
			children = (
				D9AE965B27D8993C00451F98 /* MessageStructure.swift */,
			);
			path = Model;
			sourceTree = "<group>";
		};
		D9A8743327DB3E4400D95B90 /* View */ = {
			isa = PBXGroup;
			children = (
				D9AE965F27D9CD3900451F98 /* MessageTableCells */,
				D91A9C5027E0A9C1009189B5 /* InputAccessoryView.swift */,
				D91A9C4E27E0A587009189B5 /* InputAccessoryView.xib */,
				D9A0951727F1A3FE00075D1A /* ChatMessageTableView.swift */,
			);
			path = View;
			sourceTree = "<group>";
		};
		D9A8743427DB3E4D00D95B90 /* Controller */ = {
			isa = PBXGroup;
			children = (
				D9AE964527C8D96E00451F98 /* ChatMessageViewController.swift */,
			);
			path = Controller;
			sourceTree = "<group>";
		};
		D9A8743527DB51E800D95B90 /* Dependency */ = {
			isa = PBXGroup;
			children = (
				D9A8743627DB520C00D95B90 /* Defaults */,
				D9AE965A27D772BC00451F98 /* Extensions */,
			);
			path = Dependency;
			sourceTree = "<group>";
		};
		D9A8743627DB520C00D95B90 /* Defaults */ = {
			isa = PBXGroup;
			children = (
				D9A8743727DB522E00D95B90 /* ChatDefaults.swift */,
			);
			path = Defaults;
			sourceTree = "<group>";
		};
		D9AE961227C66B2500451F98 = {
			isa = PBXGroup;
			children = (
				D9AE961D27C66B2500451F98 /* Whatsapp Clone */,
				D9AE961C27C66B2500451F98 /* Products */,
				966812CA919CEFB608DECB32 /* Pods */,
				3DD4ADC5AE00E00CE7D60912 /* Frameworks */,
			);
			sourceTree = "<group>";
		};
		D9AE961C27C66B2500451F98 /* Products */ = {
			isa = PBXGroup;
			children = (
				D9AE961B27C66B2500451F98 /* Whatsapp Clone.app */,
			);
			name = Products;
			sourceTree = "<group>";
		};
		D9AE961D27C66B2500451F98 /* Whatsapp Clone */ = {
			isa = PBXGroup;
			children = (
				D9AE964D27CCEC4F00451F98 /* DataRetrieval */,
				D9AE964B27CCEB1000451F98 /* ChatListing */,
				D9A8743127DB3CFE00D95B90 /* ChatMessage */,
				D9AE964C27CCEB1A00451F98 /* Settings */,
				D9A8743527DB51E800D95B90 /* Dependency */,
				D9AE961E27C66B2500451F98 /* AppDelegate.swift */,
				D9AE962027C66B2500451F98 /* SceneDelegate.swift */,
				D9AE962427C66B2500451F98 /* Main.storyboard */,
				D9AE962727C66B2900451F98 /* Assets.xcassets */,
				D9AE962927C66B2900451F98 /* LaunchScreen.storyboard */,
				D9AE962C27C66B2900451F98 /* Info.plist */,
				D9AE965227CF616A00451F98 /* ChatPerson.json */,
				D9A8742F27DB200300D95B90 /* ChatMessages.json */,
			);
			path = "Whatsapp Clone";
			sourceTree = "<group>";
		};
		D9AE963627C78B9D00451F98 /* Model */ = {
			isa = PBXGroup;
			children = (
				D9AE963927C78C1400451F98 /* ChatListingStructure.swift */,
			);
			path = Model;
			sourceTree = "<group>";
		};
		D9AE963727C78BA500451F98 /* View */ = {
			isa = PBXGroup;
			children = (
				D9AE965827D7723D00451F98 /* TableCells */,
			);
			path = View;
			sourceTree = "<group>";
		};
		D9AE963827C78BAC00451F98 /* Controller */ = {
			isa = PBXGroup;
			children = (
				D9AE963427C68D4300451F98 /* ChatListingViewController.swift */,
			);
			path = Controller;
			sourceTree = "<group>";
		};
		D9AE964B27CCEB1000451F98 /* ChatListing */ = {
			isa = PBXGroup;
			children = (
				D9AE963827C78BAC00451F98 /* Controller */,
				D9AE963727C78BA500451F98 /* View */,
				D9AE963627C78B9D00451F98 /* Model */,
			);
			path = ChatListing;
			sourceTree = "<group>";
		};
		D9AE964C27CCEB1A00451F98 /* Settings */ = {
			isa = PBXGroup;
			children = (
				D9AE964927CCB29700451F98 /* SettingsViewController.swift */,
			);
			path = Settings;
			sourceTree = "<group>";
		};
		D9AE964D27CCEC4F00451F98 /* DataRetrieval */ = {
			isa = PBXGroup;
			children = (
				D9AE963B27C790BB00451F98 /* API.swift */,
				D9AE963D27C793DC00451F98 /* DataManager.swift */,
			);
			path = DataRetrieval;
			sourceTree = "<group>";
		};
		D9AE965827D7723D00451F98 /* TableCells */ = {
			isa = PBXGroup;
			children = (
				D9AE964127C79E2300451F98 /* DefaultCell.swift */,
				D9AE965027CE072600451F98 /* SearchBarTableViewCell.swift */,
			);
			path = TableCells;
			sourceTree = "<group>";
		};
		D9AE965A27D772BC00451F98 /* Extensions */ = {
			isa = PBXGroup;
			children = (
				D9AE964E27CDE26700451F98 /* UIView.swift */,
				D991EA2327EDA1D800CAE8CB /* UITableView.swift */,
			);
			path = Extensions;
			sourceTree = "<group>";
		};
		D9AE965F27D9CD3900451F98 /* MessageTableCells */ = {
			isa = PBXGroup;
			children = (
				D9AE966027D9CD9900451F98 /* MessageSendTableViewCell.swift */,
				D9AE966227D9CDBE00451F98 /* MessageRecieveTableViewCell.swift */,
			);
			path = MessageTableCells;
			sourceTree = "<group>";
		};
/* End PBXGroup section */

/* Begin PBXNativeTarget section */
		D9AE961A27C66B2500451F98 /* Whatsapp Clone */ = {
			isa = PBXNativeTarget;
			buildConfigurationList = D9AE962F27C66B2900451F98 /* Build configuration list for PBXNativeTarget "Whatsapp Clone" */;
			buildPhases = (
				F0A18331A8210CF7C714ABC2 /* [CP] Check Pods Manifest.lock */,
				D9AE961727C66B2500451F98 /* Sources */,
				D9AE961827C66B2500451F98 /* Frameworks */,
				D9AE961927C66B2500451F98 /* Resources */,
				9001615B577935D09020F94E /* [CP] Embed Pods Frameworks */,
			);
			buildRules = (
			);
			dependencies = (
			);
			name = "Whatsapp Clone";
			productName = "Whatsapp Clone";
			productReference = D9AE961B27C66B2500451F98 /* Whatsapp Clone.app */;
			productType = "com.apple.product-type.application";
		};
/* End PBXNativeTarget section */

/* Begin PBXProject section */
		D9AE961327C66B2500451F98 /* Project object */ = {
			isa = PBXProject;
			attributes = {
				BuildIndependentTargetsInParallel = 1;
				LastSwiftUpdateCheck = 1320;
				LastUpgradeCheck = 1320;
				TargetAttributes = {
					D9AE961A27C66B2500451F98 = {
						CreatedOnToolsVersion = 13.2.1;
					};
				};
			};
			buildConfigurationList = D9AE961627C66B2500451F98 /* Build configuration list for PBXProject "Whatsapp Clone" */;
			compatibilityVersion = "Xcode 13.0";
			developmentRegion = en;
			hasScannedForEncodings = 0;
			knownRegions = (
				en,
				Base,
			);
			mainGroup = D9AE961227C66B2500451F98;
			productRefGroup = D9AE961C27C66B2500451F98 /* Products */;
			projectDirPath = "";
			projectRoot = "";
			targets = (
				D9AE961A27C66B2500451F98 /* Whatsapp Clone */,
			);
		};
/* End PBXProject section */

/* Begin PBXResourcesBuildPhase section */
		D9AE961927C66B2500451F98 /* Resources */ = {
			isa = PBXResourcesBuildPhase;
			buildActionMask = 2147483647;
			files = (
				D9AE962B27C66B2900451F98 /* LaunchScreen.storyboard in Resources */,
				D9AE962827C66B2900451F98 /* Assets.xcassets in Resources */,
				D91A9C4F27E0A588009189B5 /* InputAccessoryView.xib in Resources */,
				D9A8743027DB200300D95B90 /* ChatMessages.json in Resources */,
				D9AE965327CF616A00451F98 /* ChatPerson.json in Resources */,
				D9AE962627C66B2500451F98 /* Main.storyboard in Resources */,
			);
			runOnlyForDeploymentPostprocessing = 0;
		};
/* End PBXResourcesBuildPhase section */

/* Begin PBXShellScriptBuildPhase section */
		9001615B577935D09020F94E /* [CP] Embed Pods Frameworks */ = {
			isa = PBXShellScriptBuildPhase;
			buildActionMask = 2147483647;
			files = (
			);
			inputFileListPaths = (
				"${PODS_ROOT}/Target Support Files/Pods-Whatsapp Clone/Pods-Whatsapp Clone-frameworks-${CONFIGURATION}-input-files.xcfilelist",
			);
			name = "[CP] Embed Pods Frameworks";
			outputFileListPaths = (
				"${PODS_ROOT}/Target Support Files/Pods-Whatsapp Clone/Pods-Whatsapp Clone-frameworks-${CONFIGURATION}-output-files.xcfilelist",
			);
			runOnlyForDeploymentPostprocessing = 0;
			shellPath = /bin/sh;
			shellScript = "\"${PODS_ROOT}/Target Support Files/Pods-Whatsapp Clone/Pods-Whatsapp Clone-frameworks.sh\"\n";
			showEnvVarsInLog = 0;
		};
		F0A18331A8210CF7C714ABC2 /* [CP] Check Pods Manifest.lock */ = {
			isa = PBXShellScriptBuildPhase;
			buildActionMask = 2147483647;
			files = (
			);
			inputFileListPaths = (
			);
			inputPaths = (
				"${PODS_PODFILE_DIR_PATH}/Podfile.lock",
				"${PODS_ROOT}/Manifest.lock",
			);
			name = "[CP] Check Pods Manifest.lock";
			outputFileListPaths = (
			);
			outputPaths = (
				"$(DERIVED_FILE_DIR)/Pods-Whatsapp Clone-checkManifestLockResult.txt",
			);
			runOnlyForDeploymentPostprocessing = 0;
			shellPath = /bin/sh;
			shellScript = "diff \"${PODS_PODFILE_DIR_PATH}/Podfile.lock\" \"${PODS_ROOT}/Manifest.lock\" > /dev/null\nif [ $? != 0 ] ; then\n    # print error to STDERR\n    echo \"error: The sandbox is not in sync with the Podfile.lock. Run 'pod install' or update your CocoaPods installation.\" >&2\n    exit 1\nfi\n# This output is used by Xcode 'outputs' to avoid re-running this script phase.\necho \"SUCCESS\" > \"${SCRIPT_OUTPUT_FILE_0}\"\n";
			showEnvVarsInLog = 0;
		};
/* End PBXShellScriptBuildPhase section */

/* Begin PBXSourcesBuildPhase section */
		D9AE961727C66B2500451F98 /* Sources */ = {
			isa = PBXSourcesBuildPhase;
			buildActionMask = 2147483647;
			files = (
				D9AE963527C68D4300451F98 /* ChatListingViewController.swift in Sources */,
				D9AE964627C8D96E00451F98 /* ChatMessageViewController.swift in Sources */,
				D9AE963E27C793DC00451F98 /* DataManager.swift in Sources */,
				D9AE965C27D8993C00451F98 /* MessageStructure.swift in Sources */,
				D9AE964A27CCB29700451F98 /* SettingsViewController.swift in Sources */,
				D9AE966127D9CD9900451F98 /* MessageSendTableViewCell.swift in Sources */,
				D9AE964227C79E2300451F98 /* DefaultCell.swift in Sources */,
				D9AE964F27CDE26700451F98 /* UIView.swift in Sources */,
				D9AE961F27C66B2500451F98 /* AppDelegate.swift in Sources */,
				D9AE963A27C78C1400451F98 /* ChatListingStructure.swift in Sources */,
				D91A9C5127E0A9C1009189B5 /* InputAccessoryView.swift in Sources */,
				D9A0951827F1A3FE00075D1A /* ChatMessageTableView.swift in Sources */,
				D991EA2427EDA1D800CAE8CB /* UITableView.swift in Sources */,
				D9AE965127CE072700451F98 /* SearchBarTableViewCell.swift in Sources */,
				D9A8743827DB522E00D95B90 /* ChatDefaults.swift in Sources */,
				D9AE966327D9CDBE00451F98 /* MessageRecieveTableViewCell.swift in Sources */,
				D9AE962127C66B2500451F98 /* SceneDelegate.swift in Sources */,
				D9AE963C27C790BB00451F98 /* API.swift in Sources */,
			);
			runOnlyForDeploymentPostprocessing = 0;
		};
/* End PBXSourcesBuildPhase section */

/* Begin PBXVariantGroup section */
		D9AE962427C66B2500451F98 /* Main.storyboard */ = {
			isa = PBXVariantGroup;
			children = (
				D9AE962527C66B2500451F98 /* Base */,
			);
			name = Main.storyboard;
			sourceTree = "<group>";
		};
		D9AE962927C66B2900451F98 /* LaunchScreen.storyboard */ = {
			isa = PBXVariantGroup;
			children = (
				D9AE962A27C66B2900451F98 /* Base */,
			);
			name = LaunchScreen.storyboard;
			sourceTree = "<group>";
		};
/* End PBXVariantGroup section */

/* Begin XCBuildConfiguration section */
		D9AE962D27C66B2900451F98 /* Debug */ = {
			isa = XCBuildConfiguration;
			buildSettings = {
				ALWAYS_SEARCH_USER_PATHS = NO;
				CLANG_ANALYZER_NONNULL = YES;
				CLANG_ANALYZER_NUMBER_OBJECT_CONVERSION = YES_AGGRESSIVE;
				CLANG_CXX_LANGUAGE_STANDARD = "gnu++17";
				CLANG_CXX_LIBRARY = "libc++";
				CLANG_ENABLE_MODULES = YES;
				CLANG_ENABLE_OBJC_ARC = YES;
				CLANG_ENABLE_OBJC_WEAK = YES;
				CLANG_WARN_BLOCK_CAPTURE_AUTORELEASING = YES;
				CLANG_WARN_BOOL_CONVERSION = YES;
				CLANG_WARN_COMMA = YES;
				CLANG_WARN_CONSTANT_CONVERSION = YES;
				CLANG_WARN_DEPRECATED_OBJC_IMPLEMENTATIONS = YES;
				CLANG_WARN_DIRECT_OBJC_ISA_USAGE = YES_ERROR;
				CLANG_WARN_DOCUMENTATION_COMMENTS = YES;
				CLANG_WARN_EMPTY_BODY = YES;
				CLANG_WARN_ENUM_CONVERSION = YES;
				CLANG_WARN_INFINITE_RECURSION = YES;
				CLANG_WARN_INT_CONVERSION = YES;
				CLANG_WARN_NON_LITERAL_NULL_CONVERSION = YES;
				CLANG_WARN_OBJC_IMPLICIT_RETAIN_SELF = YES;
				CLANG_WARN_OBJC_LITERAL_CONVERSION = YES;
				CLANG_WARN_OBJC_ROOT_CLASS = YES_ERROR;
				CLANG_WARN_QUOTED_INCLUDE_IN_FRAMEWORK_HEADER = YES;
				CLANG_WARN_RANGE_LOOP_ANALYSIS = YES;
				CLANG_WARN_STRICT_PROTOTYPES = YES;
				CLANG_WARN_SUSPICIOUS_MOVE = YES;
				CLANG_WARN_UNGUARDED_AVAILABILITY = YES_AGGRESSIVE;
				CLANG_WARN_UNREACHABLE_CODE = YES;
				CLANG_WARN__DUPLICATE_METHOD_MATCH = YES;
				COPY_PHASE_STRIP = NO;
				DEBUG_INFORMATION_FORMAT = dwarf;
				ENABLE_STRICT_OBJC_MSGSEND = YES;
				ENABLE_TESTABILITY = YES;
				GCC_C_LANGUAGE_STANDARD = gnu11;
				GCC_DYNAMIC_NO_PIC = NO;
				GCC_NO_COMMON_BLOCKS = YES;
				GCC_OPTIMIZATION_LEVEL = 0;
				GCC_PREPROCESSOR_DEFINITIONS = (
					"DEBUG=1",
					"$(inherited)",
				);
				GCC_WARN_64_TO_32_BIT_CONVERSION = YES;
				GCC_WARN_ABOUT_RETURN_TYPE = YES_ERROR;
				GCC_WARN_UNDECLARED_SELECTOR = YES;
				GCC_WARN_UNINITIALIZED_AUTOS = YES_AGGRESSIVE;
				GCC_WARN_UNUSED_FUNCTION = YES;
				GCC_WARN_UNUSED_VARIABLE = YES;
				IPHONEOS_DEPLOYMENT_TARGET = 15.2;
				MTL_ENABLE_DEBUG_INFO = INCLUDE_SOURCE;
				MTL_FAST_MATH = YES;
				ONLY_ACTIVE_ARCH = YES;
				SDKROOT = iphoneos;
				SWIFT_ACTIVE_COMPILATION_CONDITIONS = DEBUG;
				SWIFT_OPTIMIZATION_LEVEL = "-Onone";
			};
			name = Debug;
		};
		D9AE962E27C66B2900451F98 /* Release */ = {
			isa = XCBuildConfiguration;
			buildSettings = {
				ALWAYS_SEARCH_USER_PATHS = NO;
				CLANG_ANALYZER_NONNULL = YES;
				CLANG_ANALYZER_NUMBER_OBJECT_CONVERSION = YES_AGGRESSIVE;
				CLANG_CXX_LANGUAGE_STANDARD = "gnu++17";
				CLANG_CXX_LIBRARY = "libc++";
				CLANG_ENABLE_MODULES = YES;
				CLANG_ENABLE_OBJC_ARC = YES;
				CLANG_ENABLE_OBJC_WEAK = YES;
				CLANG_WARN_BLOCK_CAPTURE_AUTORELEASING = YES;
				CLANG_WARN_BOOL_CONVERSION = YES;
				CLANG_WARN_COMMA = YES;
				CLANG_WARN_CONSTANT_CONVERSION = YES;
				CLANG_WARN_DEPRECATED_OBJC_IMPLEMENTATIONS = YES;
				CLANG_WARN_DIRECT_OBJC_ISA_USAGE = YES_ERROR;
				CLANG_WARN_DOCUMENTATION_COMMENTS = YES;
				CLANG_WARN_EMPTY_BODY = YES;
				CLANG_WARN_ENUM_CONVERSION = YES;
				CLANG_WARN_INFINITE_RECURSION = YES;
				CLANG_WARN_INT_CONVERSION = YES;
				CLANG_WARN_NON_LITERAL_NULL_CONVERSION = YES;
				CLANG_WARN_OBJC_IMPLICIT_RETAIN_SELF = YES;
				CLANG_WARN_OBJC_LITERAL_CONVERSION = YES;
				CLANG_WARN_OBJC_ROOT_CLASS = YES_ERROR;
				CLANG_WARN_QUOTED_INCLUDE_IN_FRAMEWORK_HEADER = YES;
				CLANG_WARN_RANGE_LOOP_ANALYSIS = YES;
				CLANG_WARN_STRICT_PROTOTYPES = YES;
				CLANG_WARN_SUSPICIOUS_MOVE = YES;
				CLANG_WARN_UNGUARDED_AVAILABILITY = YES_AGGRESSIVE;
				CLANG_WARN_UNREACHABLE_CODE = YES;
				CLANG_WARN__DUPLICATE_METHOD_MATCH = YES;
				COPY_PHASE_STRIP = NO;
				DEBUG_INFORMATION_FORMAT = "dwarf-with-dsym";
				ENABLE_NS_ASSERTIONS = NO;
				ENABLE_STRICT_OBJC_MSGSEND = YES;
				GCC_C_LANGUAGE_STANDARD = gnu11;
				GCC_NO_COMMON_BLOCKS = YES;
				GCC_WARN_64_TO_32_BIT_CONVERSION = YES;
				GCC_WARN_ABOUT_RETURN_TYPE = YES_ERROR;
				GCC_WARN_UNDECLARED_SELECTOR = YES;
				GCC_WARN_UNINITIALIZED_AUTOS = YES_AGGRESSIVE;
				GCC_WARN_UNUSED_FUNCTION = YES;
				GCC_WARN_UNUSED_VARIABLE = YES;
				IPHONEOS_DEPLOYMENT_TARGET = 15.2;
				MTL_ENABLE_DEBUG_INFO = NO;
				MTL_FAST_MATH = YES;
				SDKROOT = iphoneos;
				SWIFT_COMPILATION_MODE = wholemodule;
				SWIFT_OPTIMIZATION_LEVEL = "-O";
				VALIDATE_PRODUCT = YES;
			};
			name = Release;
		};
		D9AE963027C66B2900451F98 /* Debug */ = {
			isa = XCBuildConfiguration;
			baseConfigurationReference = 49F8401BACFEF7FCC7721B84 /* Pods-Whatsapp Clone.debug.xcconfig */;
			buildSettings = {
				ASSETCATALOG_COMPILER_APPICON_NAME = AppIcon;
				ASSETCATALOG_COMPILER_GLOBAL_ACCENT_COLOR_NAME = AccentColor;
				CODE_SIGN_STYLE = Automatic;
				CURRENT_PROJECT_VERSION = 1;
				GENERATE_INFOPLIST_FILE = YES;
				INFOPLIST_FILE = "Whatsapp Clone/Info.plist";
				INFOPLIST_KEY_UIApplicationSupportsIndirectInputEvents = YES;
				INFOPLIST_KEY_UILaunchStoryboardName = LaunchScreen;
				INFOPLIST_KEY_UIMainStoryboardFile = Main;
				INFOPLIST_KEY_UISupportedInterfaceOrientations_iPad = "UIInterfaceOrientationPortrait UIInterfaceOrientationPortraitUpsideDown UIInterfaceOrientationLandscapeLeft UIInterfaceOrientationLandscapeRight";
				INFOPLIST_KEY_UISupportedInterfaceOrientations_iPhone = "UIInterfaceOrientationPortrait UIInterfaceOrientationLandscapeLeft UIInterfaceOrientationLandscapeRight";
				IPHONEOS_DEPLOYMENT_TARGET = 13.0;
				LD_RUNPATH_SEARCH_PATHS = (
					"$(inherited)",
					"@executable_path/Frameworks",
				);
				MARKETING_VERSION = 1.0;
				PRODUCT_BUNDLE_IDENTIFIER = "-mg.Whatsapp-Clone";
				PRODUCT_NAME = "$(TARGET_NAME)";
				SWIFT_EMIT_LOC_STRINGS = YES;
				SWIFT_VERSION = 5.0;
				TARGETED_DEVICE_FAMILY = "1,2";
			};
			name = Debug;
		};
		D9AE963127C66B2900451F98 /* Release */ = {
			isa = XCBuildConfiguration;
			baseConfigurationReference = DD36308C04983F0B2A55A0D7 /* Pods-Whatsapp Clone.release.xcconfig */;
			buildSettings = {
				ASSETCATALOG_COMPILER_APPICON_NAME = AppIcon;
				ASSETCATALOG_COMPILER_GLOBAL_ACCENT_COLOR_NAME = AccentColor;
				CODE_SIGN_STYLE = Automatic;
				CURRENT_PROJECT_VERSION = 1;
				GENERATE_INFOPLIST_FILE = YES;
				INFOPLIST_FILE = "Whatsapp Clone/Info.plist";
				INFOPLIST_KEY_UIApplicationSupportsIndirectInputEvents = YES;
				INFOPLIST_KEY_UILaunchStoryboardName = LaunchScreen;
				INFOPLIST_KEY_UIMainStoryboardFile = Main;
				INFOPLIST_KEY_UISupportedInterfaceOrientations_iPad = "UIInterfaceOrientationPortrait UIInterfaceOrientationPortraitUpsideDown UIInterfaceOrientationLandscapeLeft UIInterfaceOrientationLandscapeRight";
				INFOPLIST_KEY_UISupportedInterfaceOrientations_iPhone = "UIInterfaceOrientationPortrait UIInterfaceOrientationLandscapeLeft UIInterfaceOrientationLandscapeRight";
				IPHONEOS_DEPLOYMENT_TARGET = 13.0;
				LD_RUNPATH_SEARCH_PATHS = (
					"$(inherited)",
					"@executable_path/Frameworks",
				);
				MARKETING_VERSION = 1.0;
				PRODUCT_BUNDLE_IDENTIFIER = "-mg.Whatsapp-Clone";
				PRODUCT_NAME = "$(TARGET_NAME)";
				SWIFT_EMIT_LOC_STRINGS = YES;
				SWIFT_VERSION = 5.0;
				TARGETED_DEVICE_FAMILY = "1,2";
			};
			name = Release;
		};
/* End XCBuildConfiguration section */

/* Begin XCConfigurationList section */
		D9AE961627C66B2500451F98 /* Build configuration list for PBXProject "Whatsapp Clone" */ = {
			isa = XCConfigurationList;
			buildConfigurations = (
				D9AE962D27C66B2900451F98 /* Debug */,
				D9AE962E27C66B2900451F98 /* Release */,
			);
			defaultConfigurationIsVisible = 0;
			defaultConfigurationName = Release;
		};
		D9AE962F27C66B2900451F98 /* Build configuration list for PBXNativeTarget "Whatsapp Clone" */ = {
			isa = XCConfigurationList;
			buildConfigurations = (
				D9AE963027C66B2900451F98 /* Debug */,
				D9AE963127C66B2900451F98 /* Release */,
			);
			defaultConfigurationIsVisible = 0;
			defaultConfigurationName = Release;
		};
/* End XCConfigurationList section */
	};
	rootObject = D9AE961327C66B2500451F98 /* Project object */;
}
